# This file is generated by running "yarn install" inside your project.
# Manual changes might be lost - proceed with caution!

__metadata:
  version: 8
  cacheKey: 10c0

"@vibeos/bff@workspace:bff":
  version: 0.0.0-use.local
  resolution: "@vibeos/bff@workspace:bff"
  languageName: unknown
  linkType: soft

"@vibeos/desktop@workspace:desktop":
  version: 0.0.0-use.local
  resolution: "@vibeos/desktop@workspace:desktop"
  languageName: unknown
  linkType: soft

"@vibeos/sdk@workspace:sdk":
  version: 0.0.0-use.local
  resolution: "@vibeos/sdk@workspace:sdk"
  languageName: unknown
  linkType: soft

"vibeos@workspace:.":
  version: 0.0.0-use.local
  resolution: "vibeos@workspace:."
  languageName: unknown
  linkType: soft
